// !$*UTF8*$!
{
	archiveVersion = 1;
	classes = {
	};
	objectVersion = 56;
	objects = {

/* Begin PBXBuildFile section */
		37AD3A902972C4C000921796 /* ScrumDingerSwiftUIApp.swift in Sources */ = {isa = PBXBuildFile; fileRef = 37AD3A8F2972C4C000921796 /* ScrumDingerSwiftUIApp.swift */; };
		37AD3A922972C4C000921796 /* MeetingView.swift in Sources */ = {isa = PBXBuildFile; fileRef = 37AD3A912972C4C000921796 /* MeetingView.swift */; };
		37AD3A942972C4C100921796 /* Assets.xcassets in Resources */ = {isa = PBXBuildFile; fileRef = 37AD3A932972C4C100921796 /* Assets.xcassets */; };
		37AD3A972972C4C100921796 /* Preview Assets.xcassets in Resources */ = {isa = PBXBuildFile; fileRef = 37AD3A962972C4C100921796 /* Preview Assets.xcassets */; };
		37AD3A9F2972D26600921796 /* Theme.swift in Sources */ = {isa = PBXBuildFile; fileRef = 37AD3A9E2972D26600921796 /* Theme.swift */; };
		37AD3AA12972D3EA00921796 /* DailyScrum.swift in Sources */ = {isa = PBXBuildFile; fileRef = 37AD3AA02972D3EA00921796 /* DailyScrum.swift */; };
		37AD3AA32972D77000921796 /* CardView.swift in Sources */ = {isa = PBXBuildFile; fileRef = 37AD3AA22972D77000921796 /* CardView.swift */; };
		37AD3AA52972DD8A00921796 /* TrailingIconLabelStyle.swift in Sources */ = {isa = PBXBuildFile; fileRef = 37AD3AA42972DD8A00921796 /* TrailingIconLabelStyle.swift */; };
		37B5550D2972E65F0063FA80 /* ScrumsView.swift in Sources */ = {isa = PBXBuildFile; fileRef = 37B5550C2972E65F0063FA80 /* ScrumsView.swift */; };
		37B5550F2972EEC50063FA80 /* DetailView.swift in Sources */ = {isa = PBXBuildFile; fileRef = 37B5550E2972EEC50063FA80 /* DetailView.swift */; };
		37B5551129730CD10063FA80 /* DetailEditView.swift in Sources */ = {isa = PBXBuildFile; fileRef = 37B5551029730CD10063FA80 /* DetailEditView.swift */; };
		37B555132973177B0063FA80 /* ThemeView.swift in Sources */ = {isa = PBXBuildFile; fileRef = 37B555122973177B0063FA80 /* ThemeView.swift */; };
/* End PBXBuildFile section */

/* Begin PBXFileReference section */
		37AD3A8C2972C4C000921796 /* ScrumDingerSwiftUI.app */ = {isa = PBXFileReference; explicitFileType = wrapper.application; includeInIndex = 0; path = ScrumDingerSwiftUI.app; sourceTree = BUILT_PRODUCTS_DIR; };
		37AD3A8F2972C4C000921796 /* ScrumDingerSwiftUIApp.swift */ = {isa = PBXFileReference; lastKnownFileType = sourcecode.swift; path = ScrumDingerSwiftUIApp.swift; sourceTree = "<group>"; };
		37AD3A912972C4C000921796 /* MeetingView.swift */ = {isa = PBXFileReference; lastKnownFileType = sourcecode.swift; path = MeetingView.swift; sourceTree = "<group>"; };
		37AD3A932972C4C100921796 /* Assets.xcassets */ = {isa = PBXFileReference; lastKnownFileType = folder.assetcatalog; path = Assets.xcassets; sourceTree = "<group>"; };
		37AD3A962972C4C100921796 /* Preview Assets.xcassets */ = {isa = PBXFileReference; lastKnownFileType = folder.assetcatalog; path = "Preview Assets.xcassets"; sourceTree = "<group>"; };
		37AD3A9E2972D26600921796 /* Theme.swift */ = {isa = PBXFileReference; lastKnownFileType = sourcecode.swift; path = Theme.swift; sourceTree = "<group>"; };
		37AD3AA02972D3EA00921796 /* DailyScrum.swift */ = {isa = PBXFileReference; lastKnownFileType = sourcecode.swift; path = DailyScrum.swift; sourceTree = "<group>"; };
		37AD3AA22972D77000921796 /* CardView.swift */ = {isa = PBXFileReference; lastKnownFileType = sourcecode.swift; path = CardView.swift; sourceTree = "<group>"; };
		37AD3AA42972DD8A00921796 /* TrailingIconLabelStyle.swift */ = {isa = PBXFileReference; lastKnownFileType = sourcecode.swift; path = TrailingIconLabelStyle.swift; sourceTree = "<group>"; };
		37B5550C2972E65F0063FA80 /* ScrumsView.swift */ = {isa = PBXFileReference; lastKnownFileType = sourcecode.swift; path = ScrumsView.swift; sourceTree = "<group>"; };
		37B5550E2972EEC50063FA80 /* DetailView.swift */ = {isa = PBXFileReference; lastKnownFileType = sourcecode.swift; path = DetailView.swift; sourceTree = "<group>"; };
		37B5551029730CD10063FA80 /* DetailEditView.swift */ = {isa = PBXFileReference; lastKnownFileType = sourcecode.swift; path = DetailEditView.swift; sourceTree = "<group>"; };
		37B555122973177B0063FA80 /* ThemeView.swift */ = {isa = PBXFileReference; lastKnownFileType = sourcecode.swift; path = ThemeView.swift; sourceTree = "<group>"; };
/* End PBXFileReference section */

/* Begin PBXFrameworksBuildPhase section */
		37AD3A892972C4C000921796 /* Frameworks */ = {
			isa = PBXFrameworksBuildPhase;
			buildActionMask = 2147483647;
			files = (
			);
			runOnlyForDeploymentPostprocessing = 0;
		};
/* End PBXFrameworksBuildPhase section */

/* Begin PBXGroup section */
		37AD3A832972C4C000921796 = {
			isa = PBXGroup;
			children = (
				37AD3A8E2972C4C000921796 /* ScrumDingerSwiftUI */,
				37AD3A8D2972C4C000921796 /* Products */,
			);
			sourceTree = "<group>";
		};
		37AD3A8D2972C4C000921796 /* Products */ = {
			isa = PBXGroup;
			children = (
				37AD3A8C2972C4C000921796 /* ScrumDingerSwiftUI.app */,
			);
			name = Products;
			sourceTree = "<group>";
		};
		37AD3A8E2972C4C000921796 /* ScrumDingerSwiftUI */ = {
			isa = PBXGroup;
			children = (
				37AD3A9D2972D25500921796 /* Models */,
				37AD3AA22972D77000921796 /* CardView.swift */,
				37B5550C2972E65F0063FA80 /* ScrumsView.swift */,
				37AD3A912972C4C000921796 /* MeetingView.swift */,
				37B5550E2972EEC50063FA80 /* DetailView.swift */,
				37B5551029730CD10063FA80 /* DetailEditView.swift */,
				37B555122973177B0063FA80 /* ThemeView.swift */,
				37AD3AA42972DD8A00921796 /* TrailingIconLabelStyle.swift */,
				37AD3A8F2972C4C000921796 /* ScrumDingerSwiftUIApp.swift */,
				37AD3A932972C4C100921796 /* Assets.xcassets */,
				37AD3A952972C4C100921796 /* Preview Content */,
			);
			path = ScrumDingerSwiftUI;
			sourceTree = "<group>";
		};
		37AD3A952972C4C100921796 /* Preview Content */ = {
			isa = PBXGroup;
			children = (
				37AD3A962972C4C100921796 /* Preview Assets.xcassets */,
			);
			path = "Preview Content";
			sourceTree = "<group>";
		};
		37AD3A9D2972D25500921796 /* Models */ = {
			isa = PBXGroup;
			children = (
				37AD3A9E2972D26600921796 /* Theme.swift */,
				37AD3AA02972D3EA00921796 /* DailyScrum.swift */,
			);
			path = Models;
			sourceTree = "<group>";
		};
/* End PBXGroup section */

/* Begin PBXNativeTarget section */
		37AD3A8B2972C4C000921796 /* ScrumDingerSwiftUI */ = {
			isa = PBXNativeTarget;
			buildConfigurationList = 37AD3A9A2972C4C100921796 /* Build configuration list for PBXNativeTarget "ScrumDingerSwiftUI" */;
			buildPhases = (
				37AD3A882972C4C000921796 /* Sources */,
				37AD3A892972C4C000921796 /* Frameworks */,
				37AD3A8A2972C4C000921796 /* Resources */,
			);
			buildRules = (
			);
			dependencies = (
			);
			name = ScrumDingerSwiftUI;
			productName = ScrumDingerSwiftUI;
			productReference = 37AD3A8C2972C4C000921796 /* ScrumDingerSwiftUI.app */;
			productType = "com.apple.product-type.application";
		};
/* End PBXNativeTarget section */

/* Begin PBXProject section */
		37AD3A842972C4C000921796 /* Project object */ = {
			isa = PBXProject;
			attributes = {
				BuildIndependentTargetsInParallel = 1;
				LastSwiftUpdateCheck = 1420;
				LastUpgradeCheck = 1420;
				TargetAttributes = {
					37AD3A8B2972C4C000921796 = {
						CreatedOnToolsVersion = 14.2;
					};
				};
			};
			buildConfigurationList = 37AD3A872972C4C000921796 /* Build configuration list for PBXProject "ScrumDingerSwiftUI" */;
			compatibilityVersion = "Xcode 14.0";
			developmentRegion = en;
			hasScannedForEncodings = 0;
			knownRegions = (
				en,
				Base,
			);
			mainGroup = 37AD3A832972C4C000921796;
			productRefGroup = 37AD3A8D2972C4C000921796 /* Products */;
			projectDirPath = "";
			projectRoot = "";
			targets = (
				37AD3A8B2972C4C000921796 /* ScrumDingerSwiftUI */,
			);
		};
/* End PBXProject section */

/* Begin PBXResourcesBuildPhase section */
		37AD3A8A2972C4C000921796 /* Resources */ = {
			isa = PBXResourcesBuildPhase;
			buildActionMask = 2147483647;
			files = (
				37AD3A972972C4C100921796 /* Preview Assets.xcassets in Resources */,
				37AD3A942972C4C100921796 /* Assets.xcassets in Resources */,
			);
			runOnlyForDeploymentPostprocessing = 0;
		};
/* End PBXResourcesBuildPhase section */

/* Begin PBXSourcesBuildPhase section */
		37AD3A882972C4C000921796 /* Sources */ = {
			isa = PBXSourcesBuildPhase;
			buildActionMask = 2147483647;
			files = (
				37AD3A9F2972D26600921796 /* Theme.swift in Sources */,
				37B5550F2972EEC50063FA80 /* DetailView.swift in Sources */,
				37B5551129730CD10063FA80 /* DetailEditView.swift in Sources */,
				37AD3AA52972DD8A00921796 /* TrailingIconLabelStyle.swift in Sources */,
				37AD3AA12972D3EA00921796 /* DailyScrum.swift in Sources */,
				37B5550D2972E65F0063FA80 /* ScrumsView.swift in Sources */,
				37AD3A922972C4C000921796 /* MeetingView.swift in Sources */,
				37AD3A902972C4C000921796 /* ScrumDingerSwiftUIApp.swift in Sources */,
				37B555132973177B0063FA80 /* ThemeView.swift in Sources */,
				37AD3AA32972D77000921796 /* CardView.swift in Sources */,
			);
			runOnlyForDeploymentPostprocessing = 0;
		};
/* End PBXSourcesBuildPhase section */

/* Begin XCBuildConfiguration section */
		37AD3A982972C4C100921796 /* Debug */ = {
			isa = XCBuildConfiguration;
			buildSettings = {
				ALWAYS_SEARCH_USER_PATHS = NO;
				CLANG_ANALYZER_NONNULL = YES;
				CLANG_ANALYZER_NUMBER_OBJECT_CONVERSION = YES_AGGRESSIVE;
				CLANG_CXX_LANGUAGE_STANDARD = "gnu++20";
				CLANG_ENABLE_MODULES = YES;
				CLANG_ENABLE_OBJC_ARC = YES;
				CLANG_ENABLE_OBJC_WEAK = YES;
				CLANG_WARN_BLOCK_CAPTURE_AUTORELEASING = YES;
				CLANG_WARN_BOOL_CONVERSION = YES;
				CLANG_WARN_COMMA = YES;
				CLANG_WARN_CONSTANT_CONVERSION = YES;
				CLANG_WARN_DEPRECATED_OBJC_IMPLEMENTATIONS = YES;
				CLANG_WARN_DIRECT_OBJC_ISA_USAGE = YES_ERROR;
				CLANG_WARN_DOCUMENTATION_COMMENTS = YES;
				CLANG_WARN_EMPTY_BODY = YES;
				CLANG_WARN_ENUM_CONVERSION = YES;
				CLANG_WARN_INFINITE_RECURSION = YES;
				CLANG_WARN_INT_CONVERSION = YES;
				CLANG_WARN_NON_LITERAL_NULL_CONVERSION = YES;
				CLANG_WARN_OBJC_IMPLICIT_RETAIN_SELF = YES;
				CLANG_WARN_OBJC_LITERAL_CONVERSION = YES;
				CLANG_WARN_OBJC_ROOT_CLASS = YES_ERROR;
				CLANG_WARN_QUOTED_INCLUDE_IN_FRAMEWORK_HEADER = YES;
				CLANG_WARN_RANGE_LOOP_ANALYSIS = YES;
				CLANG_WARN_STRICT_PROTOTYPES = YES;
				CLANG_WARN_SUSPICIOUS_MOVE = YES;
				CLANG_WARN_UNGUARDED_AVAILABILITY = YES_AGGRESSIVE;
				CLANG_WARN_UNREACHABLE_CODE = YES;
				CLANG_WARN__DUPLICATE_METHOD_MATCH = YES;
				COPY_PHASE_STRIP = NO;
				DEBUG_INFORMATION_FORMAT = dwarf;
				ENABLE_STRICT_OBJC_MSGSEND = YES;
				ENABLE_TESTABILITY = YES;
				GCC_C_LANGUAGE_STANDARD = gnu11;
				GCC_DYNAMIC_NO_PIC = NO;
				GCC_NO_COMMON_BLOCKS = YES;
				GCC_OPTIMIZATION_LEVEL = 0;
				GCC_PREPROCESSOR_DEFINITIONS = (
					"DEBUG=1",
					"$(inherited)",
				);
				GCC_WARN_64_TO_32_BIT_CONVERSION = YES;
				GCC_WARN_ABOUT_RETURN_TYPE = YES_ERROR;
				GCC_WARN_UNDECLARED_SELECTOR = YES;
				GCC_WARN_UNINITIALIZED_AUTOS = YES_AGGRESSIVE;
				GCC_WARN_UNUSED_FUNCTION = YES;
				GCC_WARN_UNUSED_VARIABLE = YES;
				IPHONEOS_DEPLOYMENT_TARGET = 16.2;
				MTL_ENABLE_DEBUG_INFO = INCLUDE_SOURCE;
				MTL_FAST_MATH = YES;
				ONLY_ACTIVE_ARCH = YES;
				SDKROOT = iphoneos;
				SWIFT_ACTIVE_COMPILATION_CONDITIONS = DEBUG;
				SWIFT_OPTIMIZATION_LEVEL = "-Onone";
			};
			name = Debug;
		};
		37AD3A992972C4C100921796 /* Release */ = {
			isa = XCBuildConfiguration;
			buildSettings = {
				ALWAYS_SEARCH_USER_PATHS = NO;
				CLANG_ANALYZER_NONNULL = YES;
				CLANG_ANALYZER_NUMBER_OBJECT_CONVERSION = YES_AGGRESSIVE;
				CLANG_CXX_LANGUAGE_STANDARD = "gnu++20";
				CLANG_ENABLE_MODULES = YES;
				CLANG_ENABLE_OBJC_ARC = YES;
				CLANG_ENABLE_OBJC_WEAK = YES;
				CLANG_WARN_BLOCK_CAPTURE_AUTORELEASING = YES;
				CLANG_WARN_BOOL_CONVERSION = YES;
				CLANG_WARN_COMMA = YES;
				CLANG_WARN_CONSTANT_CONVERSION = YES;
				CLANG_WARN_DEPRECATED_OBJC_IMPLEMENTATIONS = YES;
				CLANG_WARN_DIRECT_OBJC_ISA_USAGE = YES_ERROR;
				CLANG_WARN_DOCUMENTATION_COMMENTS = YES;
				CLANG_WARN_EMPTY_BODY = YES;
				CLANG_WARN_ENUM_CONVERSION = YES;
				CLANG_WARN_INFINITE_RECURSION = YES;
				CLANG_WARN_INT_CONVERSION = YES;
				CLANG_WARN_NON_LITERAL_NULL_CONVERSION = YES;
				CLANG_WARN_OBJC_IMPLICIT_RETAIN_SELF = YES;
				CLANG_WARN_OBJC_LITERAL_CONVERSION = YES;
				CLANG_WARN_OBJC_ROOT_CLASS = YES_ERROR;
				CLANG_WARN_QUOTED_INCLUDE_IN_FRAMEWORK_HEADER = YES;
				CLANG_WARN_RANGE_LOOP_ANALYSIS = YES;
				CLANG_WARN_STRICT_PROTOTYPES = YES;
				CLANG_WARN_SUSPICIOUS_MOVE = YES;
				CLANG_WARN_UNGUARDED_AVAILABILITY = YES_AGGRESSIVE;
				CLANG_WARN_UNREACHABLE_CODE = YES;
				CLANG_WARN__DUPLICATE_METHOD_MATCH = YES;
				COPY_PHASE_STRIP = NO;
				DEBUG_INFORMATION_FORMAT = "dwarf-with-dsym";
				ENABLE_NS_ASSERTIONS = NO;
				ENABLE_STRICT_OBJC_MSGSEND = YES;
				GCC_C_LANGUAGE_STANDARD = gnu11;
				GCC_NO_COMMON_BLOCKS = YES;
				GCC_WARN_64_TO_32_BIT_CONVERSION = YES;
				GCC_WARN_ABOUT_RETURN_TYPE = YES_ERROR;
				GCC_WARN_UNDECLARED_SELECTOR = YES;
				GCC_WARN_UNINITIALIZED_AUTOS = YES_AGGRESSIVE;
				GCC_WARN_UNUSED_FUNCTION = YES;
				GCC_WARN_UNUSED_VARIABLE = YES;
				IPHONEOS_DEPLOYMENT_TARGET = 16.2;
				MTL_ENABLE_DEBUG_INFO = NO;
				MTL_FAST_MATH = YES;
				SDKROOT = iphoneos;
				SWIFT_COMPILATION_MODE = wholemodule;
				SWIFT_OPTIMIZATION_LEVEL = "-O";
				VALIDATE_PRODUCT = YES;
			};
			name = Release;
		};
		37AD3A9B2972C4C100921796 /* Debug */ = {
			isa = XCBuildConfiguration;
			buildSettings = {
				ASSETCATALOG_COMPILER_APPICON_NAME = AppIcon;
				ASSETCATALOG_COMPILER_GLOBAL_ACCENT_COLOR_NAME = AccentColor;
				CODE_SIGN_STYLE = Automatic;
				CURRENT_PROJECT_VERSION = 1;
				DEVELOPMENT_ASSET_PATHS = "\"ScrumDingerSwiftUI/Preview Content\"";
				DEVELOPMENT_TEAM = 2U4V96C2NN;
				ENABLE_PREVIEWS = YES;
				GENERATE_INFOPLIST_FILE = YES;
				INFOPLIST_KEY_UIApplicationSceneManifest_Generation = YES;
				INFOPLIST_KEY_UIApplicationSupportsIndirectInputEvents = YES;
				INFOPLIST_KEY_UILaunchScreen_Generation = YES;
				INFOPLIST_KEY_UISupportedInterfaceOrientations_iPad = "UIInterfaceOrientationPortrait UIInterfaceOrientationPortraitUpsideDown UIInterfaceOrientationLandscapeLeft UIInterfaceOrientationLandscapeRight";
				INFOPLIST_KEY_UISupportedInterfaceOrientations_iPhone = "UIInterfaceOrientationPortrait UIInterfaceOrientationLandscapeLeft UIInterfaceOrientationLandscapeRight";
				LD_RUNPATH_SEARCH_PATHS = (
					"$(inherited)",
					"@executable_path/Frameworks",
				);
				MARKETING_VERSION = 1.0;
				PRODUCT_BUNDLE_IDENTIFIER = ru.aleksandreliseev.ScrumDingerSwiftUI;
				PRODUCT_NAME = "$(TARGET_NAME)";
				SWIFT_EMIT_LOC_STRINGS = YES;
				SWIFT_VERSION = 5.0;
				TARGETED_DEVICE_FAMILY = "1,2";
			};
			name = Debug;
		};
		37AD3A9C2972C4C100921796 /* Release */ = {
			isa = XCBuildConfiguration;
			buildSettings = {
				ASSETCATALOG_COMPILER_APPICON_NAME = AppIcon;
				ASSETCATALOG_COMPILER_GLOBAL_ACCENT_COLOR_NAME = AccentColor;
				CODE_SIGN_STYLE = Automatic;
				CURRENT_PROJECT_VERSION = 1;
				DEVELOPMENT_ASSET_PATHS = "\"ScrumDingerSwiftUI/Preview Content\"";
				DEVELOPMENT_TEAM = 2U4V96C2NN;
				ENABLE_PREVIEWS = YES;
				GENERATE_INFOPLIST_FILE = YES;
				INFOPLIST_KEY_UIApplicationSceneManifest_Generation = YES;
				INFOPLIST_KEY_UIApplicationSupportsIndirectInputEvents = YES;
				INFOPLIST_KEY_UILaunchScreen_Generation = YES;
				INFOPLIST_KEY_UISupportedInterfaceOrientations_iPad = "UIInterfaceOrientationPortrait UIInterfaceOrientationPortraitUpsideDown UIInterfaceOrientationLandscapeLeft UIInterfaceOrientationLandscapeRight";
				INFOPLIST_KEY_UISupportedInterfaceOrientations_iPhone = "UIInterfaceOrientationPortrait UIInterfaceOrientationLandscapeLeft UIInterfaceOrientationLandscapeRight";
				LD_RUNPATH_SEARCH_PATHS = (
					"$(inherited)",
					"@executable_path/Frameworks",
				);
				MARKETING_VERSION = 1.0;
				PRODUCT_BUNDLE_IDENTIFIER = ru.aleksandreliseev.ScrumDingerSwiftUI;
				PRODUCT_NAME = "$(TARGET_NAME)";
				SWIFT_EMIT_LOC_STRINGS = YES;
				SWIFT_VERSION = 5.0;
				TARGETED_DEVICE_FAMILY = "1,2";
			};
			name = Release;
		};
/* End XCBuildConfiguration section */

/* Begin XCConfigurationList section */
		37AD3A872972C4C000921796 /* Build configuration list for PBXProject "ScrumDingerSwiftUI" */ = {
			isa = XCConfigurationList;
			buildConfigurations = (
				37AD3A982972C4C100921796 /* Debug */,
				37AD3A992972C4C100921796 /* Release */,
			);
			defaultConfigurationIsVisible = 0;
			defaultConfigurationName = Release;
		};
		37AD3A9A2972C4C100921796 /* Build configuration list for PBXNativeTarget "ScrumDingerSwiftUI" */ = {
			isa = XCConfigurationList;
			buildConfigurations = (
				37AD3A9B2972C4C100921796 /* Debug */,
				37AD3A9C2972C4C100921796 /* Release */,
			);
			defaultConfigurationIsVisible = 0;
			defaultConfigurationName = Release;
		};
/* End XCConfigurationList section */
	};
	rootObject = 37AD3A842972C4C000921796 /* Project object */;
}
